
Microsoft Visual Studio Solution File, Format Version 12.00
# Visual Studio Version 17
VisualStudioVersion = 17.5.33530.505
MinimumVisualStudioVersion = 10.0.40219.1
Project("{FAE04EC0-301F-11D3-BF4B-00C04F79EFBC}") = "Class_14_w01", "Class_14_w01\Class_14_w01.csproj", "{D4CF3123-422E-485D-9CB8-3A14F4FB549A}"
EndProject
Project("{FAE04EC0-301F-11D3-BF4B-00C04F79EFBC}") = "Class_14_W02", "Class_14_W02\Class_14_W02.csproj", "{9B21ED4C-197C-4421-9C7D-302CC54BDF64}"
EndProject
Global
	GlobalSection(SolutionConfigurationPlatforms) = preSolution
		Debug|Any CPU = Debug|Any CPU
		Release|Any CPU = Release|Any CPU
	EndGlobalSection
	GlobalSection(ProjectConfigurationPlatforms) = postSolution
		{D4CF3123-422E-485D-9CB8-3A14F4FB549A}.Debug|Any CPU.ActiveCfg = Debug|Any CPU
		{D4CF3123-422E-485D-9CB8-3A14F4FB549A}.Debug|Any CPU.Build.0 = Debug|Any CPU
		{D4CF3123-422E-485D-9CB8-3A14F4FB549A}.Release|Any CPU.ActiveCfg = Release|Any CPU
		{D4CF3123-422E-485D-9CB8-3A14F4FB549A}.Release|Any CPU.Build.0 = Release|Any CPU
		{9B21ED4C-197C-4421-9C7D-302CC54BDF64}.Debug|Any CPU.ActiveCfg = Debug|Any CPU
		{9B21ED4C-197C-4421-9C7D-302CC54BDF64}.Debug|Any CPU.Build.0 = Debug|Any CPU
		{9B21ED4C-197C-4421-9C7D-302CC54BDF64}.Release|Any CPU.ActiveCfg = Release|Any CPU
		{9B21ED4C-197C-4421-9C7D-302CC54BDF64}.Release|Any CPU.Build.0 = Release|Any CPU
	EndGlobalSection
	GlobalSection(SolutionProperties) = preSolution
		HideSolutionNode = FALSE
	EndGlobalSection
	GlobalSection(ExtensibilityGlobals) = postSolution
		SolutionGuid = {DAF6CE2A-7A0A-4862-94AE-DF8DA7F9C9E9}
	EndGlobalSection
EndGlobal
